
Microsoft Visual Studio Solution File, Format Version 12.00
# Visual Studio Version 17
VisualStudioVersion = 17.0.31919.166
MinimumVisualStudioVersion = 10.0.40219.1
Project("{FAE04EC0-301F-11D3-BF4B-00C04F79EFBC}") = "HostApp", "HostApp\HostApp.csproj", "{D4BA483B-B23D-410A-BE01-598E8C5348E4}"
EndProject
Global
	GlobalSection(SolutionConfigurationPlatforms) = preSolution
		Debug|Any CPU = Debug|Any CPU
		Release|Any CPU = Release|Any CPU
	EndGlobalSection
	GlobalSection(ProjectConfigurationPlatforms) = postSolution
		{D4BA483B-B23D-410A-BE01-598E8C5348E4}.Debug|Any CPU.ActiveCfg = Debug|Any CPU
		{D4BA483B-B23D-410A-BE01-598E8C5348E4}.Debug|Any CPU.Build.0 = Debug|Any CPU
		{D4BA483B-B23D-410A-BE01-598E8C5348E4}.Release|Any CPU.ActiveCfg = Release|Any CPU
		{D4BA483B-B23D-410A-BE01-598E8C5348E4}.Release|Any CPU.Build.0 = Release|Any CPU
	EndGlobalSection
	GlobalSection(SolutionProperties) = preSolution
		HideSolutionNode = FALSE
	EndGlobalSection
	GlobalSection(ExtensibilityGlobals) = postSolution
		SolutionGuid = {8E26FC52-71FC-4FD0-94BE-8884BFED280D}
	EndGlobalSection
EndGlobal
